
Microsoft Visual Studio Solution File, Format Version 12.00
# Visual Studio Version 17
VisualStudioVersion = 17.3.32811.315
MinimumVisualStudioVersion = 10.0.40219.1
Project("{9A19103F-16F7-4668-BE54-9A1E7A4F7556}") = "dajet-metadata", "dajet-metadata\dajet-metadata.csproj", "{CC7CAB43-EB25-4730-B588-2A13BFB3C5B2}"
EndProject
Project("{9A19103F-16F7-4668-BE54-9A1E7A4F7556}") = "dajet-scripting", "dajet-scripting\dajet-scripting.csproj", "{8D74C7A9-1DE8-4207-A145-3EC3A29180CF}"
EndProject
Project("{9A19103F-16F7-4668-BE54-9A1E7A4F7556}") = "dajet-test", "dajet-test\dajet-test.csproj", "{93EDEB2C-92A8-4D1F-B6FC-71C3A33D5E96}"
EndProject
Project("{9A19103F-16F7-4668-BE54-9A1E7A4F7556}") = "dajet-http-server", "dajet-http-server\dajet-http-server.csproj", "{29BF6B99-FC1A-4F08-9D9E-14C8C6CDC7CA}"
EndProject
Project("{9A19103F-16F7-4668-BE54-9A1E7A4F7556}") = "dajet-data-provider", "dajet-data-provider\dajet-data-provider.csproj", "{72378D5D-039A-4AC0-875F-271350B5B49C}"
EndProject
Project("{9A19103F-16F7-4668-BE54-9A1E7A4F7556}") = "dajet-console", "dajet-console\dajet-console.csproj", "{91BAFE54-3DD0-408A-8AC1-8F8F0A7DCF0E}"
EndProject
Project("{2150E333-8FDC-42A3-9474-1A3956D46DE8}") = "dajet-http-client", "dajet-http-client", "{7B967D22-CE57-4062-AFC6-EB75191D77BF}"
	ProjectSection(SolutionItems) = preProject
		dajet-http-client\1ql-console.js = dajet-http-client\1ql-console.js
		dajet-http-client\1ql-executor.js = dajet-http-client\1ql-executor.js
		dajet-http-client\main.css = dajet-http-client\main.css
		dajet-http-client\main.html = dajet-http-client\main.html
		dajet-http-client\main.js = dajet-http-client\main.js
		dajet-http-client\popup.css = dajet-http-client\popup.css
		dajet-http-client\popup.js = dajet-http-client\popup.js
		dajet-http-client\treeview.js = dajet-http-client\treeview.js
		dajet-http-client\ui-loader.js = dajet-http-client\ui-loader.js
	EndProjectSection
EndProject
Project("{2150E333-8FDC-42A3-9474-1A3956D46DE8}") = "img", "img", "{40E26238-CA7D-4C9A-9BE3-68E986A293EF}"
	ProjectSection(SolutionItems) = preProject
		dajet-http-client\img\database.png = dajet-http-client\img\database.png
		dajet-http-client\img\ВложеннаяТаблица.png = dajet-http-client\img\ВложеннаяТаблица.png
		dajet-http-client\img\Документ.png = dajet-http-client\img\Документ.png
		dajet-http-client\img\Измерение.png = dajet-http-client\img\Измерение.png
		dajet-http-client\img\Конфигурация.png = dajet-http-client\img\Конфигурация.png
		dajet-http-client\img\Перечисление.png = dajet-http-client\img\Перечисление.png
		dajet-http-client\img\ПланВидовХарактеристик.png = dajet-http-client\img\ПланВидовХарактеристик.png
		dajet-http-client\img\ПланОбмена.png = dajet-http-client\img\ПланОбмена.png
		dajet-http-client\img\Расширение.png = dajet-http-client\img\Расширение.png
		dajet-http-client\img\РегистрНакопления.png = dajet-http-client\img\РегистрНакопления.png
		dajet-http-client\img\РегистрСведений.png = dajet-http-client\img\РегистрСведений.png
		dajet-http-client\img\Реквизит.png = dajet-http-client\img\Реквизит.png
		dajet-http-client\img\Ресурс.png = dajet-http-client\img\Ресурс.png
		dajet-http-client\img\Справочник.png = dajet-http-client\img\Справочник.png
	EndProjectSection
EndProject
Project("{9A19103F-16F7-4668-BE54-9A1E7A4F7556}") = "dajet-studio", "dajet-studio\dajet-studio.csproj", "{1FD3F812-EB69-407F-BD78-FC5542308B91}"
EndProject
Project("{9A19103F-16F7-4668-BE54-9A1E7A4F7556}") = "dajet-dbview-generator", "dajet-dbview-generator\dajet-dbview-generator.csproj", "{9C913C14-657F-4555-BFC4-DDE76EE30CBB}"
EndProject
Project("{9A19103F-16F7-4668-BE54-9A1E7A4F7556}") = "dajet-model", "dajet-model\dajet-model.csproj", "{B658F660-8CB4-412D-A79B-6374D7CD1674}"
EndProject
Project("{9A19103F-16F7-4668-BE54-9A1E7A4F7556}") = "dajet-flow", "dajet-flow\dajet-flow.csproj", "{0DFE7098-33C6-4572-B974-A7B99B9BB72D}"
EndProject
Project("{9A19103F-16F7-4668-BE54-9A1E7A4F7556}") = "dajet-flow-model", "dajet-flow-model\dajet-flow-model.csproj", "{9CE5529A-1730-4EAC-9EF9-C0D39BD6C8D7}"
EndProject
Project("{9A19103F-16F7-4668-BE54-9A1E7A4F7556}") = "dajet-flow-rabbitmq", "dajet-flow-rabbitmq\dajet-flow-rabbitmq.csproj", "{84A564CA-1D07-4909-A3EC-F1C99A73C5A7}"
EndProject
Project("{9A19103F-16F7-4668-BE54-9A1E7A4F7556}") = "dajet-flow-sqlserver", "dajet-flow-sqlserver\dajet-flow-sqlserver.csproj", "{14E0D99A-1C07-4052-8A50-083511C73B27}"
EndProject
Project("{9A19103F-16F7-4668-BE54-9A1E7A4F7556}") = "dajet-flow-postgresql", "dajet-flow-postgresql\dajet-flow-postgresql.csproj", "{BC808ED2-2DB7-4055-993C-3D521511BC8F}"
EndProject
Project("{9A19103F-16F7-4668-BE54-9A1E7A4F7556}") = "dajet-flow-kafka", "dajet-flow-kafka\dajet-flow-kafka.csproj", "{77F147BD-FEE1-4074-899B-D9F155842BC1}"
EndProject
Project("{9A19103F-16F7-4668-BE54-9A1E7A4F7556}") = "dajet-exchange", "dajet-exchange\dajet-exchange.csproj", "{8F985EAE-C461-4587-A94C-E589BC6C2439}"
EndProject
Project("{9A19103F-16F7-4668-BE54-9A1E7A4F7556}") = "dajet-rabbitmq", "dajet-rabbitmq\dajet-rabbitmq.csproj", "{F9ED175E-1D6A-4B2E-870F-1389F2D26CD8}"
EndProject
Project("{9A19103F-16F7-4668-BE54-9A1E7A4F7556}") = "dajet-flow-transformers", "dajet-flow-transformers\dajet-flow-transformers.csproj", "{A67DEB7B-5997-4273-9533-458E76190EE8}"
EndProject
Project("{9A19103F-16F7-4668-BE54-9A1E7A4F7556}") = "dajet-stream", "dajet-stream\dajet-stream.csproj", "{B8C942F0-488D-4414-8093-79B7B1BF6E58}"
EndProject
Project("{9A19103F-16F7-4668-BE54-9A1E7A4F7556}") = "dajet-proxy", "dajet-proxy\dajet-proxy.csproj", "{E4B5A680-827C-4291-A596-79F4D5AC5EAF}"
EndProject
Project("{9A19103F-16F7-4668-BE54-9A1E7A4F7556}") = "dajet-data", "dajet-data\dajet-data.csproj", "{EDDE7105-3E77-4FA0-A2BD-E390EF812AE8}"
EndProject
Project("{9A19103F-16F7-4668-BE54-9A1E7A4F7556}") = "dajet-file-logger", "dajet-file-logger\dajet-file-logger.csproj", "{212A8AA8-5AA2-4D5B-8311-D25B6B9C7D79}"
EndProject
Global
	GlobalSection(SolutionConfigurationPlatforms) = preSolution
		Debug|Any CPU = Debug|Any CPU
		Release|Any CPU = Release|Any CPU
	EndGlobalSection
	GlobalSection(ProjectConfigurationPlatforms) = postSolution
		{CC7CAB43-EB25-4730-B588-2A13BFB3C5B2}.Debug|Any CPU.ActiveCfg = Debug|Any CPU
		{CC7CAB43-EB25-4730-B588-2A13BFB3C5B2}.Debug|Any CPU.Build.0 = Debug|Any CPU
		{CC7CAB43-EB25-4730-B588-2A13BFB3C5B2}.Release|Any CPU.ActiveCfg = Release|Any CPU
		{CC7CAB43-EB25-4730-B588-2A13BFB3C5B2}.Release|Any CPU.Build.0 = Release|Any CPU
		{8D74C7A9-1DE8-4207-A145-3EC3A29180CF}.Debug|Any CPU.ActiveCfg = Debug|Any CPU
		{8D74C7A9-1DE8-4207-A145-3EC3A29180CF}.Debug|Any CPU.Build.0 = Debug|Any CPU
		{8D74C7A9-1DE8-4207-A145-3EC3A29180CF}.Release|Any CPU.ActiveCfg = Release|Any CPU
		{8D74C7A9-1DE8-4207-A145-3EC3A29180CF}.Release|Any CPU.Build.0 = Release|Any CPU
		{93EDEB2C-92A8-4D1F-B6FC-71C3A33D5E96}.Debug|Any CPU.ActiveCfg = Debug|Any CPU
		{93EDEB2C-92A8-4D1F-B6FC-71C3A33D5E96}.Debug|Any CPU.Build.0 = Debug|Any CPU
		{93EDEB2C-92A8-4D1F-B6FC-71C3A33D5E96}.Release|Any CPU.ActiveCfg = Release|Any CPU
		{93EDEB2C-92A8-4D1F-B6FC-71C3A33D5E96}.Release|Any CPU.Build.0 = Release|Any CPU
		{29BF6B99-FC1A-4F08-9D9E-14C8C6CDC7CA}.Debug|Any CPU.ActiveCfg = Debug|Any CPU
		{29BF6B99-FC1A-4F08-9D9E-14C8C6CDC7CA}.Debug|Any CPU.Build.0 = Debug|Any CPU
		{29BF6B99-FC1A-4F08-9D9E-14C8C6CDC7CA}.Release|Any CPU.ActiveCfg = Release|Any CPU
		{29BF6B99-FC1A-4F08-9D9E-14C8C6CDC7CA}.Release|Any CPU.Build.0 = Release|Any CPU
		{72378D5D-039A-4AC0-875F-271350B5B49C}.Debug|Any CPU.ActiveCfg = Debug|Any CPU
		{72378D5D-039A-4AC0-875F-271350B5B49C}.Debug|Any CPU.Build.0 = Debug|Any CPU
		{72378D5D-039A-4AC0-875F-271350B5B49C}.Release|Any CPU.ActiveCfg = Release|Any CPU
		{72378D5D-039A-4AC0-875F-271350B5B49C}.Release|Any CPU.Build.0 = Release|Any CPU
		{91BAFE54-3DD0-408A-8AC1-8F8F0A7DCF0E}.Debug|Any CPU.ActiveCfg = Debug|Any CPU
		{91BAFE54-3DD0-408A-8AC1-8F8F0A7DCF0E}.Debug|Any CPU.Build.0 = Debug|Any CPU
		{91BAFE54-3DD0-408A-8AC1-8F8F0A7DCF0E}.Release|Any CPU.ActiveCfg = Release|Any CPU
		{91BAFE54-3DD0-408A-8AC1-8F8F0A7DCF0E}.Release|Any CPU.Build.0 = Release|Any CPU
		{1FD3F812-EB69-407F-BD78-FC5542308B91}.Debug|Any CPU.ActiveCfg = Debug|Any CPU
		{1FD3F812-EB69-407F-BD78-FC5542308B91}.Debug|Any CPU.Build.0 = Debug|Any CPU
		{1FD3F812-EB69-407F-BD78-FC5542308B91}.Release|Any CPU.ActiveCfg = Release|Any CPU
		{1FD3F812-EB69-407F-BD78-FC5542308B91}.Release|Any CPU.Build.0 = Release|Any CPU
		{9C913C14-657F-4555-BFC4-DDE76EE30CBB}.Debug|Any CPU.ActiveCfg = Debug|Any CPU
		{9C913C14-657F-4555-BFC4-DDE76EE30CBB}.Debug|Any CPU.Build.0 = Debug|Any CPU
		{9C913C14-657F-4555-BFC4-DDE76EE30CBB}.Release|Any CPU.ActiveCfg = Release|Any CPU
		{9C913C14-657F-4555-BFC4-DDE76EE30CBB}.Release|Any CPU.Build.0 = Release|Any CPU
		{B658F660-8CB4-412D-A79B-6374D7CD1674}.Debug|Any CPU.ActiveCfg = Debug|Any CPU
		{B658F660-8CB4-412D-A79B-6374D7CD1674}.Debug|Any CPU.Build.0 = Debug|Any CPU
		{B658F660-8CB4-412D-A79B-6374D7CD1674}.Release|Any CPU.ActiveCfg = Release|Any CPU
		{B658F660-8CB4-412D-A79B-6374D7CD1674}.Release|Any CPU.Build.0 = Release|Any CPU
		{0DFE7098-33C6-4572-B974-A7B99B9BB72D}.Debug|Any CPU.ActiveCfg = Debug|Any CPU
		{0DFE7098-33C6-4572-B974-A7B99B9BB72D}.Debug|Any CPU.Build.0 = Debug|Any CPU
		{0DFE7098-33C6-4572-B974-A7B99B9BB72D}.Release|Any CPU.ActiveCfg = Release|Any CPU
		{0DFE7098-33C6-4572-B974-A7B99B9BB72D}.Release|Any CPU.Build.0 = Release|Any CPU
		{9CE5529A-1730-4EAC-9EF9-C0D39BD6C8D7}.Debug|Any CPU.ActiveCfg = Debug|Any CPU
		{9CE5529A-1730-4EAC-9EF9-C0D39BD6C8D7}.Debug|Any CPU.Build.0 = Debug|Any CPU
		{9CE5529A-1730-4EAC-9EF9-C0D39BD6C8D7}.Release|Any CPU.ActiveCfg = Release|Any CPU
		{9CE5529A-1730-4EAC-9EF9-C0D39BD6C8D7}.Release|Any CPU.Build.0 = Release|Any CPU
		{84A564CA-1D07-4909-A3EC-F1C99A73C5A7}.Debug|Any CPU.ActiveCfg = Debug|Any CPU
		{84A564CA-1D07-4909-A3EC-F1C99A73C5A7}.Debug|Any CPU.Build.0 = Debug|Any CPU
		{84A564CA-1D07-4909-A3EC-F1C99A73C5A7}.Release|Any CPU.ActiveCfg = Release|Any CPU
		{84A564CA-1D07-4909-A3EC-F1C99A73C5A7}.Release|Any CPU.Build.0 = Release|Any CPU
		{14E0D99A-1C07-4052-8A50-083511C73B27}.Debug|Any CPU.ActiveCfg = Debug|Any CPU
		{14E0D99A-1C07-4052-8A50-083511C73B27}.Debug|Any CPU.Build.0 = Debug|Any CPU
		{14E0D99A-1C07-4052-8A50-083511C73B27}.Release|Any CPU.ActiveCfg = Release|Any CPU
		{14E0D99A-1C07-4052-8A50-083511C73B27}.Release|Any CPU.Build.0 = Release|Any CPU
		{BC808ED2-2DB7-4055-993C-3D521511BC8F}.Debug|Any CPU.ActiveCfg = Debug|Any CPU
		{BC808ED2-2DB7-4055-993C-3D521511BC8F}.Debug|Any CPU.Build.0 = Debug|Any CPU
		{BC808ED2-2DB7-4055-993C-3D521511BC8F}.Release|Any CPU.ActiveCfg = Release|Any CPU
		{BC808ED2-2DB7-4055-993C-3D521511BC8F}.Release|Any CPU.Build.0 = Release|Any CPU
		{77F147BD-FEE1-4074-899B-D9F155842BC1}.Debug|Any CPU.ActiveCfg = Debug|Any CPU
		{77F147BD-FEE1-4074-899B-D9F155842BC1}.Debug|Any CPU.Build.0 = Debug|Any CPU
		{77F147BD-FEE1-4074-899B-D9F155842BC1}.Release|Any CPU.ActiveCfg = Release|Any CPU
		{77F147BD-FEE1-4074-899B-D9F155842BC1}.Release|Any CPU.Build.0 = Release|Any CPU
		{8F985EAE-C461-4587-A94C-E589BC6C2439}.Debug|Any CPU.ActiveCfg = Debug|Any CPU
		{8F985EAE-C461-4587-A94C-E589BC6C2439}.Debug|Any CPU.Build.0 = Debug|Any CPU
		{8F985EAE-C461-4587-A94C-E589BC6C2439}.Release|Any CPU.ActiveCfg = Release|Any CPU
		{8F985EAE-C461-4587-A94C-E589BC6C2439}.Release|Any CPU.Build.0 = Release|Any CPU
		{F9ED175E-1D6A-4B2E-870F-1389F2D26CD8}.Debug|Any CPU.ActiveCfg = Debug|Any CPU
		{F9ED175E-1D6A-4B2E-870F-1389F2D26CD8}.Debug|Any CPU.Build.0 = Debug|Any CPU
		{F9ED175E-1D6A-4B2E-870F-1389F2D26CD8}.Release|Any CPU.ActiveCfg = Release|Any CPU
		{F9ED175E-1D6A-4B2E-870F-1389F2D26CD8}.Release|Any CPU.Build.0 = Release|Any CPU
		{A67DEB7B-5997-4273-9533-458E76190EE8}.Debug|Any CPU.ActiveCfg = Debug|Any CPU
		{A67DEB7B-5997-4273-9533-458E76190EE8}.Debug|Any CPU.Build.0 = Debug|Any CPU
		{A67DEB7B-5997-4273-9533-458E76190EE8}.Release|Any CPU.ActiveCfg = Release|Any CPU
		{A67DEB7B-5997-4273-9533-458E76190EE8}.Release|Any CPU.Build.0 = Release|Any CPU
		{B8C942F0-488D-4414-8093-79B7B1BF6E58}.Debug|Any CPU.ActiveCfg = Debug|Any CPU
		{B8C942F0-488D-4414-8093-79B7B1BF6E58}.Debug|Any CPU.Build.0 = Debug|Any CPU
		{B8C942F0-488D-4414-8093-79B7B1BF6E58}.Release|Any CPU.ActiveCfg = Release|Any CPU
		{B8C942F0-488D-4414-8093-79B7B1BF6E58}.Release|Any CPU.Build.0 = Release|Any CPU
		{E4B5A680-827C-4291-A596-79F4D5AC5EAF}.Debug|Any CPU.ActiveCfg = Debug|Any CPU
		{E4B5A680-827C-4291-A596-79F4D5AC5EAF}.Debug|Any CPU.Build.0 = Debug|Any CPU
		{E4B5A680-827C-4291-A596-79F4D5AC5EAF}.Release|Any CPU.ActiveCfg = Release|Any CPU
		{E4B5A680-827C-4291-A596-79F4D5AC5EAF}.Release|Any CPU.Build.0 = Release|Any CPU
		{EDDE7105-3E77-4FA0-A2BD-E390EF812AE8}.Debug|Any CPU.ActiveCfg = Debug|Any CPU
		{EDDE7105-3E77-4FA0-A2BD-E390EF812AE8}.Debug|Any CPU.Build.0 = Debug|Any CPU
		{EDDE7105-3E77-4FA0-A2BD-E390EF812AE8}.Release|Any CPU.ActiveCfg = Release|Any CPU
		{EDDE7105-3E77-4FA0-A2BD-E390EF812AE8}.Release|Any CPU.Build.0 = Release|Any CPU
		{212A8AA8-5AA2-4D5B-8311-D25B6B9C7D79}.Debug|Any CPU.ActiveCfg = Debug|Any CPU
		{212A8AA8-5AA2-4D5B-8311-D25B6B9C7D79}.Debug|Any CPU.Build.0 = Debug|Any CPU
		{212A8AA8-5AA2-4D5B-8311-D25B6B9C7D79}.Release|Any CPU.ActiveCfg = Release|Any CPU
		{212A8AA8-5AA2-4D5B-8311-D25B6B9C7D79}.Release|Any CPU.Build.0 = Release|Any CPU
	EndGlobalSection
	GlobalSection(SolutionProperties) = preSolution
		HideSolutionNode = FALSE
	EndGlobalSection
	GlobalSection(NestedProjects) = preSolution
		{40E26238-CA7D-4C9A-9BE3-68E986A293EF} = {7B967D22-CE57-4062-AFC6-EB75191D77BF}
	EndGlobalSection
	GlobalSection(ExtensibilityGlobals) = postSolution
		SolutionGuid = {EBFA2DCC-5FF1-4151-B0EB-1DD23076B5FB}
	EndGlobalSection
EndGlobal
